// !$*UTF8*$!
{
	archiveVersion = 1;
	classes = {
	};
	objectVersion = 46;
	objects = {

/* Begin PBXBuildFile section */
		20F238591AA3ABC5002297C0 /* AppDelegate.swift in Sources */ = {isa = PBXBuildFile; fileRef = 20F238581AA3ABC5002297C0 /* AppDelegate.swift */; };
		20F2385B1AA3ABC5002297C0 /* ViewController.swift in Sources */ = {isa = PBXBuildFile; fileRef = 20F2385A1AA3ABC5002297C0 /* ViewController.swift */; };
		20F2385E1AA3ABC5002297C0 /* Main.storyboard in Resources */ = {isa = PBXBuildFile; fileRef = 20F2385C1AA3ABC5002297C0 /* Main.storyboard */; };
		20F238601AA3ABC5002297C0 /* Images.xcassets in Resources */ = {isa = PBXBuildFile; fileRef = 20F2385F1AA3ABC5002297C0 /* Images.xcassets */; };
		20F238631AA3ABC5002297C0 /* LaunchScreen.xib in Resources */ = {isa = PBXBuildFile; fileRef = 20F238611AA3ABC5002297C0 /* LaunchScreen.xib */; };
		20F2386F1AA3ABC5002297C0 /* Lesson7_7_designableTests.swift in Sources */ = {isa = PBXBuildFile; fileRef = 20F2386E1AA3ABC5002297C0 /* Lesson7_7_designableTests.swift */; };
		20F238791AA3AC03002297C0 /* GradientView.swift in Sources */ = {isa = PBXBuildFile; fileRef = 20F238781AA3AC03002297C0 /* GradientView.swift */; };
/* End PBXBuildFile section */

/* Begin PBXContainerItemProxy section */
		20F238691AA3ABC5002297C0 /* PBXContainerItemProxy */ = {
			isa = PBXContainerItemProxy;
			containerPortal = 20F2384B1AA3ABC5002297C0 /* Project object */;
			proxyType = 1;
			remoteGlobalIDString = 20F238521AA3ABC5002297C0;
			remoteInfo = Lesson7_7_designable;
		};
/* End PBXContainerItemProxy section */

/* Begin PBXFileReference section */
		20F238531AA3ABC5002297C0 /* Lesson7_7_designable.app */ = {isa = PBXFileReference; explicitFileType = wrapper.application; includeInIndex = 0; path = Lesson7_7_designable.app; sourceTree = BUILT_PRODUCTS_DIR; };
		20F238571AA3ABC5002297C0 /* Info.plist */ = {isa = PBXFileReference; lastKnownFileType = text.plist.xml; path = Info.plist; sourceTree = "<group>"; };
		20F238581AA3ABC5002297C0 /* AppDelegate.swift */ = {isa = PBXFileReference; lastKnownFileType = sourcecode.swift; path = AppDelegate.swift; sourceTree = "<group>"; };
		20F2385A1AA3ABC5002297C0 /* ViewController.swift */ = {isa = PBXFileReference; lastKnownFileType = sourcecode.swift; path = ViewController.swift; sourceTree = "<group>"; };
		20F2385D1AA3ABC5002297C0 /* Base */ = {isa = PBXFileReference; lastKnownFileType = file.storyboard; name = Base; path = Base.lproj/Main.storyboard; sourceTree = "<group>"; };
		20F2385F1AA3ABC5002297C0 /* Images.xcassets */ = {isa = PBXFileReference; lastKnownFileType = folder.assetcatalog; path = Images.xcassets; sourceTree = "<group>"; };
		20F238621AA3ABC5002297C0 /* Base */ = {isa = PBXFileReference; lastKnownFileType = file.xib; name = Base; path = Base.lproj/LaunchScreen.xib; sourceTree = "<group>"; };
		20F238681AA3ABC5002297C0 /* Lesson7_7_designableTests.xctest */ = {isa = PBXFileReference; explicitFileType = wrapper.cfbundle; includeInIndex = 0; path = Lesson7_7_designableTests.xctest; sourceTree = BUILT_PRODUCTS_DIR; };
		20F2386D1AA3ABC5002297C0 /* Info.plist */ = {isa = PBXFileReference; lastKnownFileType = text.plist.xml; path = Info.plist; sourceTree = "<group>"; };
		20F2386E1AA3ABC5002297C0 /* Lesson7_7_designableTests.swift */ = {isa = PBXFileReference; lastKnownFileType = sourcecode.swift; path = Lesson7_7_designableTests.swift; sourceTree = "<group>"; };
		20F238781AA3AC03002297C0 /* GradientView.swift */ = {isa = PBXFileReference; fileEncoding = 4; lastKnownFileType = sourcecode.swift; path = GradientView.swift; sourceTree = "<group>"; };
/* End PBXFileReference section */

/* Begin PBXFrameworksBuildPhase section */
		20F238501AA3ABC5002297C0 /* Frameworks */ = {
			isa = PBXFrameworksBuildPhase;
			buildActionMask = 2147483647;
			files = (
			);
			runOnlyForDeploymentPostprocessing = 0;
		};
		20F238651AA3ABC5002297C0 /* Frameworks */ = {
			isa = PBXFrameworksBuildPhase;
			buildActionMask = 2147483647;
			files = (
			);
			runOnlyForDeploymentPostprocessing = 0;
		};
/* End PBXFrameworksBuildPhase section */

/* Begin PBXGroup section */
		20F2384A1AA3ABC5002297C0 = {
			isa = PBXGroup;
			children = (
				20F238551AA3ABC5002297C0 /* Lesson7_7_designable */,
				20F2386B1AA3ABC5002297C0 /* Lesson7_7_designableTests */,
				20F238541AA3ABC5002297C0 /* Products */,
			);
			sourceTree = "<group>";
		};
		20F238541AA3ABC5002297C0 /* Products */ = {
			isa = PBXGroup;
			children = (
				20F238531AA3ABC5002297C0 /* Lesson7_7_designable.app */,
				20F238681AA3ABC5002297C0 /* Lesson7_7_designableTests.xctest */,
			);
			name = Products;
			sourceTree = "<group>";
		};
		20F238551AA3ABC5002297C0 /* Lesson7_7_designable */ = {
			isa = PBXGroup;
			children = (
				20F238781AA3AC03002297C0 /* GradientView.swift */,
				20F238581AA3ABC5002297C0 /* AppDelegate.swift */,
				20F2385A1AA3ABC5002297C0 /* ViewController.swift */,
				20F2385C1AA3ABC5002297C0 /* Main.storyboard */,
				20F2385F1AA3ABC5002297C0 /* Images.xcassets */,
				20F238611AA3ABC5002297C0 /* LaunchScreen.xib */,
				20F238561AA3ABC5002297C0 /* Supporting Files */,
			);
			path = Lesson7_7_designable;
			sourceTree = "<group>";
		};
		20F238561AA3ABC5002297C0 /* Supporting Files */ = {
			isa = PBXGroup;
			children = (
				20F238571AA3ABC5002297C0 /* Info.plist */,
			);
			name = "Supporting Files";
			sourceTree = "<group>";
		};
		20F2386B1AA3ABC5002297C0 /* Lesson7_7_designableTests */ = {
			isa = PBXGroup;
			children = (
				20F2386E1AA3ABC5002297C0 /* Lesson7_7_designableTests.swift */,
				20F2386C1AA3ABC5002297C0 /* Supporting Files */,
			);
			path = Lesson7_7_designableTests;
			sourceTree = "<group>";
		};
		20F2386C1AA3ABC5002297C0 /* Supporting Files */ = {
			isa = PBXGroup;
			children = (
				20F2386D1AA3ABC5002297C0 /* Info.plist */,
			);
			name = "Supporting Files";
			sourceTree = "<group>";
		};
/* End PBXGroup section */

/* Begin PBXNativeTarget section */
		20F238521AA3ABC5002297C0 /* Lesson7_7_designable */ = {
			isa = PBXNativeTarget;
			buildConfigurationList = 20F238721AA3ABC5002297C0 /* Build configuration list for PBXNativeTarget "Lesson7_7_designable" */;
			buildPhases = (
				20F2384F1AA3ABC5002297C0 /* Sources */,
				20F238501AA3ABC5002297C0 /* Frameworks */,
				20F238511AA3ABC5002297C0 /* Resources */,
			);
			buildRules = (
			);
			dependencies = (
			);
			name = Lesson7_7_designable;
			productName = Lesson7_7_designable;
			productReference = 20F238531AA3ABC5002297C0 /* Lesson7_7_designable.app */;
			productType = "com.apple.product-type.application";
		};
		20F238671AA3ABC5002297C0 /* Lesson7_7_designableTests */ = {
			isa = PBXNativeTarget;
			buildConfigurationList = 20F238751AA3ABC5002297C0 /* Build configuration list for PBXNativeTarget "Lesson7_7_designableTests" */;
			buildPhases = (
				20F238641AA3ABC5002297C0 /* Sources */,
				20F238651AA3ABC5002297C0 /* Frameworks */,
				20F238661AA3ABC5002297C0 /* Resources */,
			);
			buildRules = (
			);
			dependencies = (
				20F2386A1AA3ABC5002297C0 /* PBXTargetDependency */,
			);
			name = Lesson7_7_designableTests;
			productName = Lesson7_7_designableTests;
			productReference = 20F238681AA3ABC5002297C0 /* Lesson7_7_designableTests.xctest */;
			productType = "com.apple.product-type.bundle.unit-test";
		};
/* End PBXNativeTarget section */

/* Begin PBXProject section */
		20F2384B1AA3ABC5002297C0 /* Project object */ = {
			isa = PBXProject;
			attributes = {
				LastUpgradeCheck = 0630;
				ORGANIZATIONNAME = "Six Five Software, LLC";
				TargetAttributes = {
					20F238521AA3ABC5002297C0 = {
						CreatedOnToolsVersion = 6.3;
					};
					20F238671AA3ABC5002297C0 = {
						CreatedOnToolsVersion = 6.3;
						TestTargetID = 20F238521AA3ABC5002297C0;
					};
				};
			};
			buildConfigurationList = 20F2384E1AA3ABC5002297C0 /* Build configuration list for PBXProject "Lesson7_7_designable" */;
			compatibilityVersion = "Xcode 3.2";
			developmentRegion = English;
			hasScannedForEncodings = 0;
			knownRegions = (
				en,
				Base,
			);
			mainGroup = 20F2384A1AA3ABC5002297C0;
			productRefGroup = 20F238541AA3ABC5002297C0 /* Products */;
			projectDirPath = "";
			projectRoot = "";
			targets = (
				20F238521AA3ABC5002297C0 /* Lesson7_7_designable */,
				20F238671AA3ABC5002297C0 /* Lesson7_7_designableTests */,
			);
		};
/* End PBXProject section */

/* Begin PBXResourcesBuildPhase section */
		20F238511AA3ABC5002297C0 /* Resources */ = {
			isa = PBXResourcesBuildPhase;
			buildActionMask = 2147483647;
			files = (
				20F2385E1AA3ABC5002297C0 /* Main.storyboard in Resources */,
				20F238631AA3ABC5002297C0 /* LaunchScreen.xib in Resources */,
				20F238601AA3ABC5002297C0 /* Images.xcassets in Resources */,
			);
			runOnlyForDeploymentPostprocessing = 0;
		};
		20F238661AA3ABC5002297C0 /* Resources */ = {
			isa = PBXResourcesBuildPhase;
			buildActionMask = 2147483647;
			files = (
			);
			runOnlyForDeploymentPostprocessing = 0;
		};
/* End PBXResourcesBuildPhase section */

/* Begin PBXSourcesBuildPhase section */
		20F2384F1AA3ABC5002297C0 /* Sources */ = {
			isa = PBXSourcesBuildPhase;
			buildActionMask = 2147483647;
			files = (
				20F2385B1AA3ABC5002297C0 /* ViewController.swift in Sources */,
				20F238591AA3ABC5002297C0 /* AppDelegate.swift in Sources */,
				20F238791AA3AC03002297C0 /* GradientView.swift in Sources */,
			);
			runOnlyForDeploymentPostprocessing = 0;
		};
		20F238641AA3ABC5002297C0 /* Sources */ = {
			isa = PBXSourcesBuildPhase;
			buildActionMask = 2147483647;
			files = (
				20F2386F1AA3ABC5002297C0 /* Lesson7_7_designableTests.swift in Sources */,
			);
			runOnlyForDeploymentPostprocessing = 0;
		};
/* End PBXSourcesBuildPhase section */

/* Begin PBXTargetDependency section */
		20F2386A1AA3ABC5002297C0 /* PBXTargetDependency */ = {
			isa = PBXTargetDependency;
			target = 20F238521AA3ABC5002297C0 /* Lesson7_7_designable */;
			targetProxy = 20F238691AA3ABC5002297C0 /* PBXContainerItemProxy */;
		};
/* End PBXTargetDependency section */

/* Begin PBXVariantGroup section */
		20F2385C1AA3ABC5002297C0 /* Main.storyboard */ = {
			isa = PBXVariantGroup;
			children = (
				20F2385D1AA3ABC5002297C0 /* Base */,
			);
			name = Main.storyboard;
			sourceTree = "<group>";
		};
		20F238611AA3ABC5002297C0 /* LaunchScreen.xib */ = {
			isa = PBXVariantGroup;
			children = (
				20F238621AA3ABC5002297C0 /* Base */,
			);
			name = LaunchScreen.xib;
			sourceTree = "<group>";
		};
/* End PBXVariantGroup section */

/* Begin XCBuildConfiguration section */
		20F238701AA3ABC5002297C0 /* Debug */ = {
			isa = XCBuildConfiguration;
			buildSettings = {
				ALWAYS_SEARCH_USER_PATHS = NO;
				CLANG_CXX_LANGUAGE_STANDARD = "gnu++0x";
				CLANG_CXX_LIBRARY = "libc++";
				CLANG_ENABLE_MODULES = YES;
				CLANG_ENABLE_OBJC_ARC = YES;
				CLANG_WARN_BOOL_CONVERSION = YES;
				CLANG_WARN_CONSTANT_CONVERSION = YES;
				CLANG_WARN_DIRECT_OBJC_ISA_USAGE = YES_ERROR;
				CLANG_WARN_EMPTY_BODY = YES;
				CLANG_WARN_ENUM_CONVERSION = YES;
				CLANG_WARN_INT_CONVERSION = YES;
				CLANG_WARN_OBJC_ROOT_CLASS = YES_ERROR;
				CLANG_WARN_UNREACHABLE_CODE = YES;
				CLANG_WARN__DUPLICATE_METHOD_MATCH = YES;
				"CODE_SIGN_IDENTITY[sdk=iphoneos*]" = "iPhone Developer";
				COPY_PHASE_STRIP = NO;
				DEBUG_INFORMATION_FORMAT = dwarf;
				ENABLE_STRICT_OBJC_MSGSEND = YES;
				GCC_C_LANGUAGE_STANDARD = gnu99;
				GCC_DYNAMIC_NO_PIC = NO;
				GCC_NO_COMMON_BLOCKS = YES;
				GCC_OPTIMIZATION_LEVEL = 0;
				GCC_PREPROCESSOR_DEFINITIONS = (
					"DEBUG=1",
					"$(inherited)",
				);
				GCC_SYMBOLS_PRIVATE_EXTERN = NO;
				GCC_WARN_64_TO_32_BIT_CONVERSION = YES;
				GCC_WARN_ABOUT_RETURN_TYPE = YES_ERROR;
				GCC_WARN_UNDECLARED_SELECTOR = YES;
				GCC_WARN_UNINITIALIZED_AUTOS = YES_AGGRESSIVE;
				GCC_WARN_UNUSED_FUNCTION = YES;
				GCC_WARN_UNUSED_VARIABLE = YES;
				IPHONEOS_DEPLOYMENT_TARGET = 8.3;
				MTL_ENABLE_DEBUG_INFO = YES;
				ONLY_ACTIVE_ARCH = YES;
				SDKROOT = iphoneos;
				SWIFT_OPTIMIZATION_LEVEL = "-Onone";
				TARGETED_DEVICE_FAMILY = "1,2";
			};
			name = Debug;
		};
		20F238711AA3ABC5002297C0 /* Release */ = {
			isa = XCBuildConfiguration;
			buildSettings = {
				ALWAYS_SEARCH_USER_PATHS = NO;
				CLANG_CXX_LANGUAGE_STANDARD = "gnu++0x";
				CLANG_CXX_LIBRARY = "libc++";
				CLANG_ENABLE_MODULES = YES;
				CLANG_ENABLE_OBJC_ARC = YES;
				CLANG_WARN_BOOL_CONVERSION = YES;
				CLANG_WARN_CONSTANT_CONVERSION = YES;
				CLANG_WARN_DIRECT_OBJC_ISA_USAGE = YES_ERROR;
				CLANG_WARN_EMPTY_BODY = YES;
				CLANG_WARN_ENUM_CONVERSION = YES;
				CLANG_WARN_INT_CONVERSION = YES;
				CLANG_WARN_OBJC_ROOT_CLASS = YES_ERROR;
				CLANG_WARN_UNREACHABLE_CODE = YES;
				CLANG_WARN__DUPLICATE_METHOD_MATCH = YES;
				"CODE_SIGN_IDENTITY[sdk=iphoneos*]" = "iPhone Developer";
				COPY_PHASE_STRIP = NO;
				DEBUG_INFORMATION_FORMAT = "dwarf-with-dsym";
				ENABLE_NS_ASSERTIONS = NO;
				ENABLE_STRICT_OBJC_MSGSEND = YES;
				GCC_C_LANGUAGE_STANDARD = gnu99;
				GCC_NO_COMMON_BLOCKS = YES;
				GCC_WARN_64_TO_32_BIT_CONVERSION = YES;
				GCC_WARN_ABOUT_RETURN_TYPE = YES_ERROR;
				GCC_WARN_UNDECLARED_SELECTOR = YES;
				GCC_WARN_UNINITIALIZED_AUTOS = YES_AGGRESSIVE;
				GCC_WARN_UNUSED_FUNCTION = YES;
				GCC_WARN_UNUSED_VARIABLE = YES;
				IPHONEOS_DEPLOYMENT_TARGET = 8.3;
				MTL_ENABLE_DEBUG_INFO = NO;
				SDKROOT = iphoneos;
				TARGETED_DEVICE_FAMILY = "1,2";
				VALIDATE_PRODUCT = YES;
			};
			name = Release;
		};
		20F238731AA3ABC5002297C0 /* Debug */ = {
			isa = XCBuildConfiguration;
			buildSettings = {
				ASSETCATALOG_COMPILER_APPICON_NAME = AppIcon;
				INFOPLIST_FILE = Lesson7_7_designable/Info.plist;
				LD_RUNPATH_SEARCH_PATHS = "$(inherited) @executable_path/Frameworks";
				PRODUCT_NAME = "$(TARGET_NAME)";
			};
			name = Debug;
		};
		20F238741AA3ABC5002297C0 /* Release */ = {
			isa = XCBuildConfiguration;
			buildSettings = {
				ASSETCATALOG_COMPILER_APPICON_NAME = AppIcon;
				INFOPLIST_FILE = Lesson7_7_designable/Info.plist;
				LD_RUNPATH_SEARCH_PATHS = "$(inherited) @executable_path/Frameworks";
				PRODUCT_NAME = "$(TARGET_NAME)";
			};
			name = Release;
		};
		20F238761AA3ABC5002297C0 /* Debug */ = {
			isa = XCBuildConfiguration;
			buildSettings = {
				BUNDLE_LOADER = "$(TEST_HOST)";
				FRAMEWORK_SEARCH_PATHS = (
					"$(SDKROOT)/Developer/Library/Frameworks",
					"$(inherited)",
				);
				GCC_PREPROCESSOR_DEFINITIONS = (
					"DEBUG=1",
					"$(inherited)",
				);
				INFOPLIST_FILE = Lesson7_7_designableTests/Info.plist;
				LD_RUNPATH_SEARCH_PATHS = "$(inherited) @executable_path/Frameworks @loader_path/Frameworks";
				PRODUCT_NAME = "$(TARGET_NAME)";
				TEST_HOST = "$(BUILT_PRODUCTS_DIR)/Lesson7_7_designable.app/Lesson7_7_designable";
			};
			name = Debug;
		};
		20F238771AA3ABC5002297C0 /* Release */ = {
			isa = XCBuildConfiguration;
			buildSettings = {
				BUNDLE_LOADER = "$(TEST_HOST)";
				FRAMEWORK_SEARCH_PATHS = (
					"$(SDKROOT)/Developer/Library/Frameworks",
					"$(inherited)",
				);
				INFOPLIST_FILE = Lesson7_7_designableTests/Info.plist;
				LD_RUNPATH_SEARCH_PATHS = "$(inherited) @executable_path/Frameworks @loader_path/Frameworks";
				PRODUCT_NAME = "$(TARGET_NAME)";
				TEST_HOST = "$(BUILT_PRODUCTS_DIR)/Lesson7_7_designable.app/Lesson7_7_designable";
			};
			name = Release;
		};
/* End XCBuildConfiguration section */

/* Begin XCConfigurationList section */
		20F2384E1AA3ABC5002297C0 /* Build configuration list for PBXProject "Lesson7_7_designable" */ = {
			isa = XCConfigurationList;
			buildConfigurations = (
				20F238701AA3ABC5002297C0 /* Debug */,
				20F238711AA3ABC5002297C0 /* Release */,
			);
			defaultConfigurationIsVisible = 0;
			defaultConfigurationName = Release;
		};
		20F238721AA3ABC5002297C0 /* Build configuration list for PBXNativeTarget "Lesson7_7_designable" */ = {
			isa = XCConfigurationList;
			buildConfigurations = (
				20F238731AA3ABC5002297C0 /* Debug */,
				20F238741AA3ABC5002297C0 /* Release */,
			);
			defaultConfigurationIsVisible = 0;
		};
		20F238751AA3ABC5002297C0 /* Build configuration list for PBXNativeTarget "Lesson7_7_designableTests" */ = {
			isa = XCConfigurationList;
			buildConfigurations = (
				20F238761AA3ABC5002297C0 /* Debug */,
				20F238771AA3ABC5002297C0 /* Release */,
			);
			defaultConfigurationIsVisible = 0;
		};
/* End XCConfigurationList section */
	};
	rootObject = 20F2384B1AA3ABC5002297C0 /* Project object */;
}
