// !$*UTF8*$!
{
	archiveVersion = 1;
	classes = {
	};
	objectVersion = 46;
	objects = {

/* Begin PBXBuildFile section */
		20D509271A9A668300AF053E /* AppDelegate.swift in Sources */ = {isa = PBXBuildFile; fileRef = 20D509261A9A668300AF053E /* AppDelegate.swift */; };
		20D509291A9A668300AF053E /* ViewController.swift in Sources */ = {isa = PBXBuildFile; fileRef = 20D509281A9A668300AF053E /* ViewController.swift */; };
		20D5092C1A9A668300AF053E /* Main.storyboard in Resources */ = {isa = PBXBuildFile; fileRef = 20D5092A1A9A668300AF053E /* Main.storyboard */; };
		20D5092E1A9A668300AF053E /* Images.xcassets in Resources */ = {isa = PBXBuildFile; fileRef = 20D5092D1A9A668300AF053E /* Images.xcassets */; };
		20D509311A9A668300AF053E /* LaunchScreen.xib in Resources */ = {isa = PBXBuildFile; fileRef = 20D5092F1A9A668300AF053E /* LaunchScreen.xib */; };
		20D5093D1A9A668400AF053E /* Lesson6_2Tests.swift in Sources */ = {isa = PBXBuildFile; fileRef = 20D5093C1A9A668400AF053E /* Lesson6_2Tests.swift */; };
/* End PBXBuildFile section */

/* Begin PBXContainerItemProxy section */
		20D509371A9A668400AF053E /* PBXContainerItemProxy */ = {
			isa = PBXContainerItemProxy;
			containerPortal = 20D509191A9A668300AF053E /* Project object */;
			proxyType = 1;
			remoteGlobalIDString = 20D509201A9A668300AF053E;
			remoteInfo = Lesson6_2;
		};
/* End PBXContainerItemProxy section */

/* Begin PBXFileReference section */
		20D509211A9A668300AF053E /* Lesson6_2.app */ = {isa = PBXFileReference; explicitFileType = wrapper.application; includeInIndex = 0; path = Lesson6_2.app; sourceTree = BUILT_PRODUCTS_DIR; };
		20D509251A9A668300AF053E /* Info.plist */ = {isa = PBXFileReference; lastKnownFileType = text.plist.xml; path = Info.plist; sourceTree = "<group>"; };
		20D509261A9A668300AF053E /* AppDelegate.swift */ = {isa = PBXFileReference; lastKnownFileType = sourcecode.swift; path = AppDelegate.swift; sourceTree = "<group>"; };
		20D509281A9A668300AF053E /* ViewController.swift */ = {isa = PBXFileReference; lastKnownFileType = sourcecode.swift; path = ViewController.swift; sourceTree = "<group>"; };
		20D5092B1A9A668300AF053E /* Base */ = {isa = PBXFileReference; lastKnownFileType = file.storyboard; name = Base; path = Base.lproj/Main.storyboard; sourceTree = "<group>"; };
		20D5092D1A9A668300AF053E /* Images.xcassets */ = {isa = PBXFileReference; lastKnownFileType = folder.assetcatalog; path = Images.xcassets; sourceTree = "<group>"; };
		20D509301A9A668300AF053E /* Base */ = {isa = PBXFileReference; lastKnownFileType = file.xib; name = Base; path = Base.lproj/LaunchScreen.xib; sourceTree = "<group>"; };
		20D509361A9A668400AF053E /* Lesson6_2Tests.xctest */ = {isa = PBXFileReference; explicitFileType = wrapper.cfbundle; includeInIndex = 0; path = Lesson6_2Tests.xctest; sourceTree = BUILT_PRODUCTS_DIR; };
		20D5093B1A9A668400AF053E /* Info.plist */ = {isa = PBXFileReference; lastKnownFileType = text.plist.xml; path = Info.plist; sourceTree = "<group>"; };
		20D5093C1A9A668400AF053E /* Lesson6_2Tests.swift */ = {isa = PBXFileReference; lastKnownFileType = sourcecode.swift; path = Lesson6_2Tests.swift; sourceTree = "<group>"; };
/* End PBXFileReference section */

/* Begin PBXFrameworksBuildPhase section */
		20D5091E1A9A668300AF053E /* Frameworks */ = {
			isa = PBXFrameworksBuildPhase;
			buildActionMask = 2147483647;
			files = (
			);
			runOnlyForDeploymentPostprocessing = 0;
		};
		20D509331A9A668400AF053E /* Frameworks */ = {
			isa = PBXFrameworksBuildPhase;
			buildActionMask = 2147483647;
			files = (
			);
			runOnlyForDeploymentPostprocessing = 0;
		};
/* End PBXFrameworksBuildPhase section */

/* Begin PBXGroup section */
		20D509181A9A668300AF053E = {
			isa = PBXGroup;
			children = (
				20D509231A9A668300AF053E /* Lesson6_2 */,
				20D509391A9A668400AF053E /* Lesson6_2Tests */,
				20D509221A9A668300AF053E /* Products */,
			);
			sourceTree = "<group>";
		};
		20D509221A9A668300AF053E /* Products */ = {
			isa = PBXGroup;
			children = (
				20D509211A9A668300AF053E /* Lesson6_2.app */,
				20D509361A9A668400AF053E /* Lesson6_2Tests.xctest */,
			);
			name = Products;
			sourceTree = "<group>";
		};
		20D509231A9A668300AF053E /* Lesson6_2 */ = {
			isa = PBXGroup;
			children = (
				20D509261A9A668300AF053E /* AppDelegate.swift */,
				20D509281A9A668300AF053E /* ViewController.swift */,
				20D5092A1A9A668300AF053E /* Main.storyboard */,
				20D5092D1A9A668300AF053E /* Images.xcassets */,
				20D5092F1A9A668300AF053E /* LaunchScreen.xib */,
				20D509241A9A668300AF053E /* Supporting Files */,
			);
			path = Lesson6_2;
			sourceTree = "<group>";
		};
		20D509241A9A668300AF053E /* Supporting Files */ = {
			isa = PBXGroup;
			children = (
				20D509251A9A668300AF053E /* Info.plist */,
			);
			name = "Supporting Files";
			sourceTree = "<group>";
		};
		20D509391A9A668400AF053E /* Lesson6_2Tests */ = {
			isa = PBXGroup;
			children = (
				20D5093C1A9A668400AF053E /* Lesson6_2Tests.swift */,
				20D5093A1A9A668400AF053E /* Supporting Files */,
			);
			path = Lesson6_2Tests;
			sourceTree = "<group>";
		};
		20D5093A1A9A668400AF053E /* Supporting Files */ = {
			isa = PBXGroup;
			children = (
				20D5093B1A9A668400AF053E /* Info.plist */,
			);
			name = "Supporting Files";
			sourceTree = "<group>";
		};
/* End PBXGroup section */

/* Begin PBXNativeTarget section */
		20D509201A9A668300AF053E /* Lesson6_2 */ = {
			isa = PBXNativeTarget;
			buildConfigurationList = 20D509401A9A668400AF053E /* Build configuration list for PBXNativeTarget "Lesson6_2" */;
			buildPhases = (
				20D5091D1A9A668300AF053E /* Sources */,
				20D5091E1A9A668300AF053E /* Frameworks */,
				20D5091F1A9A668300AF053E /* Resources */,
			);
			buildRules = (
			);
			dependencies = (
			);
			name = Lesson6_2;
			productName = Lesson6_2;
			productReference = 20D509211A9A668300AF053E /* Lesson6_2.app */;
			productType = "com.apple.product-type.application";
		};
		20D509351A9A668400AF053E /* Lesson6_2Tests */ = {
			isa = PBXNativeTarget;
			buildConfigurationList = 20D509431A9A668400AF053E /* Build configuration list for PBXNativeTarget "Lesson6_2Tests" */;
			buildPhases = (
				20D509321A9A668400AF053E /* Sources */,
				20D509331A9A668400AF053E /* Frameworks */,
				20D509341A9A668400AF053E /* Resources */,
			);
			buildRules = (
			);
			dependencies = (
				20D509381A9A668400AF053E /* PBXTargetDependency */,
			);
			name = Lesson6_2Tests;
			productName = Lesson6_2Tests;
			productReference = 20D509361A9A668400AF053E /* Lesson6_2Tests.xctest */;
			productType = "com.apple.product-type.bundle.unit-test";
		};
/* End PBXNativeTarget section */

/* Begin PBXProject section */
		20D509191A9A668300AF053E /* Project object */ = {
			isa = PBXProject;
			attributes = {
				LastSwiftMigration = 0720;
				LastSwiftUpdateCheck = 0720;
				LastUpgradeCheck = 0720;
				ORGANIZATIONNAME = "Six Five Software, LLC";
				TargetAttributes = {
					20D509201A9A668300AF053E = {
						CreatedOnToolsVersion = 6.3;
					};
					20D509351A9A668400AF053E = {
						CreatedOnToolsVersion = 6.3;
						TestTargetID = 20D509201A9A668300AF053E;
					};
				};
			};
			buildConfigurationList = 20D5091C1A9A668300AF053E /* Build configuration list for PBXProject "Lesson6_2" */;
			compatibilityVersion = "Xcode 3.2";
			developmentRegion = English;
			hasScannedForEncodings = 0;
			knownRegions = (
				en,
				Base,
			);
			mainGroup = 20D509181A9A668300AF053E;
			productRefGroup = 20D509221A9A668300AF053E /* Products */;
			projectDirPath = "";
			projectRoot = "";
			targets = (
				20D509201A9A668300AF053E /* Lesson6_2 */,
				20D509351A9A668400AF053E /* Lesson6_2Tests */,
			);
		};
/* End PBXProject section */

/* Begin PBXResourcesBuildPhase section */
		20D5091F1A9A668300AF053E /* Resources */ = {
			isa = PBXResourcesBuildPhase;
			buildActionMask = 2147483647;
			files = (
				20D5092C1A9A668300AF053E /* Main.storyboard in Resources */,
				20D509311A9A668300AF053E /* LaunchScreen.xib in Resources */,
				20D5092E1A9A668300AF053E /* Images.xcassets in Resources */,
			);
			runOnlyForDeploymentPostprocessing = 0;
		};
		20D509341A9A668400AF053E /* Resources */ = {
			isa = PBXResourcesBuildPhase;
			buildActionMask = 2147483647;
			files = (
			);
			runOnlyForDeploymentPostprocessing = 0;
		};
/* End PBXResourcesBuildPhase section */

/* Begin PBXSourcesBuildPhase section */
		20D5091D1A9A668300AF053E /* Sources */ = {
			isa = PBXSourcesBuildPhase;
			buildActionMask = 2147483647;
			files = (
				20D509291A9A668300AF053E /* ViewController.swift in Sources */,
				20D509271A9A668300AF053E /* AppDelegate.swift in Sources */,
			);
			runOnlyForDeploymentPostprocessing = 0;
		};
		20D509321A9A668400AF053E /* Sources */ = {
			isa = PBXSourcesBuildPhase;
			buildActionMask = 2147483647;
			files = (
				20D5093D1A9A668400AF053E /* Lesson6_2Tests.swift in Sources */,
			);
			runOnlyForDeploymentPostprocessing = 0;
		};
/* End PBXSourcesBuildPhase section */

/* Begin PBXTargetDependency section */
		20D509381A9A668400AF053E /* PBXTargetDependency */ = {
			isa = PBXTargetDependency;
			target = 20D509201A9A668300AF053E /* Lesson6_2 */;
			targetProxy = 20D509371A9A668400AF053E /* PBXContainerItemProxy */;
		};
/* End PBXTargetDependency section */

/* Begin PBXVariantGroup section */
		20D5092A1A9A668300AF053E /* Main.storyboard */ = {
			isa = PBXVariantGroup;
			children = (
				20D5092B1A9A668300AF053E /* Base */,
			);
			name = Main.storyboard;
			sourceTree = "<group>";
		};
		20D5092F1A9A668300AF053E /* LaunchScreen.xib */ = {
			isa = PBXVariantGroup;
			children = (
				20D509301A9A668300AF053E /* Base */,
			);
			name = LaunchScreen.xib;
			sourceTree = "<group>";
		};
/* End PBXVariantGroup section */

/* Begin XCBuildConfiguration section */
		20D5093E1A9A668400AF053E /* Debug */ = {
			isa = XCBuildConfiguration;
			buildSettings = {
				ALWAYS_SEARCH_USER_PATHS = NO;
				CLANG_CXX_LANGUAGE_STANDARD = "gnu++0x";
				CLANG_CXX_LIBRARY = "libc++";
				CLANG_ENABLE_MODULES = YES;
				CLANG_ENABLE_OBJC_ARC = YES;
				CLANG_WARN_BOOL_CONVERSION = YES;
				CLANG_WARN_CONSTANT_CONVERSION = YES;
				CLANG_WARN_DIRECT_OBJC_ISA_USAGE = YES_ERROR;
				CLANG_WARN_EMPTY_BODY = YES;
				CLANG_WARN_ENUM_CONVERSION = YES;
				CLANG_WARN_INT_CONVERSION = YES;
				CLANG_WARN_OBJC_ROOT_CLASS = YES_ERROR;
				CLANG_WARN_UNREACHABLE_CODE = YES;
				CLANG_WARN__DUPLICATE_METHOD_MATCH = YES;
				"CODE_SIGN_IDENTITY[sdk=iphoneos*]" = "iPhone Developer";
				COPY_PHASE_STRIP = NO;
				DEBUG_INFORMATION_FORMAT = dwarf;
				ENABLE_STRICT_OBJC_MSGSEND = YES;
				ENABLE_TESTABILITY = YES;
				GCC_C_LANGUAGE_STANDARD = gnu99;
				GCC_DYNAMIC_NO_PIC = NO;
				GCC_OPTIMIZATION_LEVEL = 0;
				GCC_PREPROCESSOR_DEFINITIONS = (
					"DEBUG=1",
					"$(inherited)",
				);
				GCC_SYMBOLS_PRIVATE_EXTERN = NO;
				GCC_WARN_64_TO_32_BIT_CONVERSION = YES;
				GCC_WARN_ABOUT_RETURN_TYPE = YES_ERROR;
				GCC_WARN_UNDECLARED_SELECTOR = YES;
				GCC_WARN_UNINITIALIZED_AUTOS = YES_AGGRESSIVE;
				GCC_WARN_UNUSED_FUNCTION = YES;
				GCC_WARN_UNUSED_VARIABLE = YES;
				IPHONEOS_DEPLOYMENT_TARGET = 9.2;
				MTL_ENABLE_DEBUG_INFO = YES;
				ONLY_ACTIVE_ARCH = YES;
				SDKROOT = iphoneos;
				SWIFT_OPTIMIZATION_LEVEL = "-Onone";
				TARGETED_DEVICE_FAMILY = "1,2";
			};
			name = Debug;
		};
		20D5093F1A9A668400AF053E /* Release */ = {
			isa = XCBuildConfiguration;
			buildSettings = {
				ALWAYS_SEARCH_USER_PATHS = NO;
				CLANG_CXX_LANGUAGE_STANDARD = "gnu++0x";
				CLANG_CXX_LIBRARY = "libc++";
				CLANG_ENABLE_MODULES = YES;
				CLANG_ENABLE_OBJC_ARC = YES;
				CLANG_WARN_BOOL_CONVERSION = YES;
				CLANG_WARN_CONSTANT_CONVERSION = YES;
				CLANG_WARN_DIRECT_OBJC_ISA_USAGE = YES_ERROR;
				CLANG_WARN_EMPTY_BODY = YES;
				CLANG_WARN_ENUM_CONVERSION = YES;
				CLANG_WARN_INT_CONVERSION = YES;
				CLANG_WARN_OBJC_ROOT_CLASS = YES_ERROR;
				CLANG_WARN_UNREACHABLE_CODE = YES;
				CLANG_WARN__DUPLICATE_METHOD_MATCH = YES;
				"CODE_SIGN_IDENTITY[sdk=iphoneos*]" = "iPhone Developer";
				COPY_PHASE_STRIP = NO;
				DEBUG_INFORMATION_FORMAT = "dwarf-with-dsym";
				ENABLE_NS_ASSERTIONS = NO;
				ENABLE_STRICT_OBJC_MSGSEND = YES;
				GCC_C_LANGUAGE_STANDARD = gnu99;
				GCC_WARN_64_TO_32_BIT_CONVERSION = YES;
				GCC_WARN_ABOUT_RETURN_TYPE = YES_ERROR;
				GCC_WARN_UNDECLARED_SELECTOR = YES;
				GCC_WARN_UNINITIALIZED_AUTOS = YES_AGGRESSIVE;
				GCC_WARN_UNUSED_FUNCTION = YES;
				GCC_WARN_UNUSED_VARIABLE = YES;
				IPHONEOS_DEPLOYMENT_TARGET = 9.2;
				MTL_ENABLE_DEBUG_INFO = NO;
				SDKROOT = iphoneos;
				TARGETED_DEVICE_FAMILY = "1,2";
				VALIDATE_PRODUCT = YES;
			};
			name = Release;
		};
		20D509411A9A668400AF053E /* Debug */ = {
			isa = XCBuildConfiguration;
			buildSettings = {
				ASSETCATALOG_COMPILER_APPICON_NAME = AppIcon;
				INFOPLIST_FILE = Lesson6_2/Info.plist;
				LD_RUNPATH_SEARCH_PATHS = "$(inherited) @executable_path/Frameworks";
				PRODUCT_BUNDLE_IDENTIFIER = "com.sixfivesoftware.$(PRODUCT_NAME:rfc1034identifier)";
				PRODUCT_NAME = "$(TARGET_NAME)";
			};
			name = Debug;
		};
		20D509421A9A668400AF053E /* Release */ = {
			isa = XCBuildConfiguration;
			buildSettings = {
				ASSETCATALOG_COMPILER_APPICON_NAME = AppIcon;
				INFOPLIST_FILE = Lesson6_2/Info.plist;
				LD_RUNPATH_SEARCH_PATHS = "$(inherited) @executable_path/Frameworks";
				PRODUCT_BUNDLE_IDENTIFIER = "com.sixfivesoftware.$(PRODUCT_NAME:rfc1034identifier)";
				PRODUCT_NAME = "$(TARGET_NAME)";
			};
			name = Release;
		};
		20D509441A9A668400AF053E /* Debug */ = {
			isa = XCBuildConfiguration;
			buildSettings = {
				BUNDLE_LOADER = "$(TEST_HOST)";
				FRAMEWORK_SEARCH_PATHS = (
					"$(SDKROOT)/Developer/Library/Frameworks",
					"$(inherited)",
				);
				GCC_PREPROCESSOR_DEFINITIONS = (
					"DEBUG=1",
					"$(inherited)",
				);
				INFOPLIST_FILE = Lesson6_2Tests/Info.plist;
				LD_RUNPATH_SEARCH_PATHS = "$(inherited) @executable_path/Frameworks @loader_path/Frameworks";
				PRODUCT_BUNDLE_IDENTIFIER = "com.sixfivesoftware.$(PRODUCT_NAME:rfc1034identifier)";
				PRODUCT_NAME = "$(TARGET_NAME)";
				TEST_HOST = "$(BUILT_PRODUCTS_DIR)/Lesson6_2.app/Lesson6_2";
			};
			name = Debug;
		};
		20D509451A9A668400AF053E /* Release */ = {
			isa = XCBuildConfiguration;
			buildSettings = {
				BUNDLE_LOADER = "$(TEST_HOST)";
				FRAMEWORK_SEARCH_PATHS = (
					"$(SDKROOT)/Developer/Library/Frameworks",
					"$(inherited)",
				);
				INFOPLIST_FILE = Lesson6_2Tests/Info.plist;
				LD_RUNPATH_SEARCH_PATHS = "$(inherited) @executable_path/Frameworks @loader_path/Frameworks";
				PRODUCT_BUNDLE_IDENTIFIER = "com.sixfivesoftware.$(PRODUCT_NAME:rfc1034identifier)";
				PRODUCT_NAME = "$(TARGET_NAME)";
				TEST_HOST = "$(BUILT_PRODUCTS_DIR)/Lesson6_2.app/Lesson6_2";
			};
			name = Release;
		};
/* End XCBuildConfiguration section */

/* Begin XCConfigurationList section */
		20D5091C1A9A668300AF053E /* Build configuration list for PBXProject "Lesson6_2" */ = {
			isa = XCConfigurationList;
			buildConfigurations = (
				20D5093E1A9A668400AF053E /* Debug */,
				20D5093F1A9A668400AF053E /* Release */,
			);
			defaultConfigurationIsVisible = 0;
			defaultConfigurationName = Release;
		};
		20D509401A9A668400AF053E /* Build configuration list for PBXNativeTarget "Lesson6_2" */ = {
			isa = XCConfigurationList;
			buildConfigurations = (
				20D509411A9A668400AF053E /* Debug */,
				20D509421A9A668400AF053E /* Release */,
			);
			defaultConfigurationIsVisible = 0;
			defaultConfigurationName = Release;
		};
		20D509431A9A668400AF053E /* Build configuration list for PBXNativeTarget "Lesson6_2Tests" */ = {
			isa = XCConfigurationList;
			buildConfigurations = (
				20D509441A9A668400AF053E /* Debug */,
				20D509451A9A668400AF053E /* Release */,
			);
			defaultConfigurationIsVisible = 0;
			defaultConfigurationName = Release;
		};
/* End XCConfigurationList section */
	};
	rootObject = 20D509191A9A668300AF053E /* Project object */;
}
