// !$*UTF8*$!
{
	archiveVersion = 1;
	classes = {
	};
	objectVersion = 46;
	objects = {

/* Begin PBXBuildFile section */
		2056EE8F1A9E8BD5001F6A48 /* AppDelegate.swift in Sources */ = {isa = PBXBuildFile; fileRef = 2056EE8E1A9E8BD5001F6A48 /* AppDelegate.swift */; };
		2056EE911A9E8BD5001F6A48 /* ViewController.swift in Sources */ = {isa = PBXBuildFile; fileRef = 2056EE901A9E8BD5001F6A48 /* ViewController.swift */; };
		2056EE941A9E8BD5001F6A48 /* Main.storyboard in Resources */ = {isa = PBXBuildFile; fileRef = 2056EE921A9E8BD5001F6A48 /* Main.storyboard */; };
		2056EE961A9E8BD5001F6A48 /* Images.xcassets in Resources */ = {isa = PBXBuildFile; fileRef = 2056EE951A9E8BD5001F6A48 /* Images.xcassets */; };
		2056EE991A9E8BD5001F6A48 /* LaunchScreen.xib in Resources */ = {isa = PBXBuildFile; fileRef = 2056EE971A9E8BD5001F6A48 /* LaunchScreen.xib */; };
		2056EEA51A9E8BD5001F6A48 /* Lesson8_1_2Tests.swift in Sources */ = {isa = PBXBuildFile; fileRef = 2056EEA41A9E8BD5001F6A48 /* Lesson8_1_2Tests.swift */; };
/* End PBXBuildFile section */

/* Begin PBXContainerItemProxy section */
		2056EE9F1A9E8BD5001F6A48 /* PBXContainerItemProxy */ = {
			isa = PBXContainerItemProxy;
			containerPortal = 2056EE811A9E8BD5001F6A48 /* Project object */;
			proxyType = 1;
			remoteGlobalIDString = 2056EE881A9E8BD5001F6A48;
			remoteInfo = Lesson8_1_2;
		};
/* End PBXContainerItemProxy section */

/* Begin PBXFileReference section */
		2056EE891A9E8BD5001F6A48 /* Lesson8_1_2.app */ = {isa = PBXFileReference; explicitFileType = wrapper.application; includeInIndex = 0; path = Lesson8_1_2.app; sourceTree = BUILT_PRODUCTS_DIR; };
		2056EE8D1A9E8BD5001F6A48 /* Info.plist */ = {isa = PBXFileReference; lastKnownFileType = text.plist.xml; path = Info.plist; sourceTree = "<group>"; };
		2056EE8E1A9E8BD5001F6A48 /* AppDelegate.swift */ = {isa = PBXFileReference; lastKnownFileType = sourcecode.swift; path = AppDelegate.swift; sourceTree = "<group>"; };
		2056EE901A9E8BD5001F6A48 /* ViewController.swift */ = {isa = PBXFileReference; lastKnownFileType = sourcecode.swift; path = ViewController.swift; sourceTree = "<group>"; };
		2056EE931A9E8BD5001F6A48 /* Base */ = {isa = PBXFileReference; lastKnownFileType = file.storyboard; name = Base; path = Base.lproj/Main.storyboard; sourceTree = "<group>"; };
		2056EE951A9E8BD5001F6A48 /* Images.xcassets */ = {isa = PBXFileReference; lastKnownFileType = folder.assetcatalog; path = Images.xcassets; sourceTree = "<group>"; };
		2056EE981A9E8BD5001F6A48 /* Base */ = {isa = PBXFileReference; lastKnownFileType = file.xib; name = Base; path = Base.lproj/LaunchScreen.xib; sourceTree = "<group>"; };
		2056EE9E1A9E8BD5001F6A48 /* Lesson8_1_2Tests.xctest */ = {isa = PBXFileReference; explicitFileType = wrapper.cfbundle; includeInIndex = 0; path = Lesson8_1_2Tests.xctest; sourceTree = BUILT_PRODUCTS_DIR; };
		2056EEA31A9E8BD5001F6A48 /* Info.plist */ = {isa = PBXFileReference; lastKnownFileType = text.plist.xml; path = Info.plist; sourceTree = "<group>"; };
		2056EEA41A9E8BD5001F6A48 /* Lesson8_1_2Tests.swift */ = {isa = PBXFileReference; lastKnownFileType = sourcecode.swift; path = Lesson8_1_2Tests.swift; sourceTree = "<group>"; };
/* End PBXFileReference section */

/* Begin PBXFrameworksBuildPhase section */
		2056EE861A9E8BD5001F6A48 /* Frameworks */ = {
			isa = PBXFrameworksBuildPhase;
			buildActionMask = 2147483647;
			files = (
			);
			runOnlyForDeploymentPostprocessing = 0;
		};
		2056EE9B1A9E8BD5001F6A48 /* Frameworks */ = {
			isa = PBXFrameworksBuildPhase;
			buildActionMask = 2147483647;
			files = (
			);
			runOnlyForDeploymentPostprocessing = 0;
		};
/* End PBXFrameworksBuildPhase section */

/* Begin PBXGroup section */
		2056EE801A9E8BD5001F6A48 = {
			isa = PBXGroup;
			children = (
				2056EE8B1A9E8BD5001F6A48 /* Lesson8_1_2 */,
				2056EEA11A9E8BD5001F6A48 /* Lesson8_1_2Tests */,
				2056EE8A1A9E8BD5001F6A48 /* Products */,
			);
			sourceTree = "<group>";
		};
		2056EE8A1A9E8BD5001F6A48 /* Products */ = {
			isa = PBXGroup;
			children = (
				2056EE891A9E8BD5001F6A48 /* Lesson8_1_2.app */,
				2056EE9E1A9E8BD5001F6A48 /* Lesson8_1_2Tests.xctest */,
			);
			name = Products;
			sourceTree = "<group>";
		};
		2056EE8B1A9E8BD5001F6A48 /* Lesson8_1_2 */ = {
			isa = PBXGroup;
			children = (
				2056EE8E1A9E8BD5001F6A48 /* AppDelegate.swift */,
				2056EE901A9E8BD5001F6A48 /* ViewController.swift */,
				2056EE921A9E8BD5001F6A48 /* Main.storyboard */,
				2056EE951A9E8BD5001F6A48 /* Images.xcassets */,
				2056EE971A9E8BD5001F6A48 /* LaunchScreen.xib */,
				2056EE8C1A9E8BD5001F6A48 /* Supporting Files */,
			);
			path = Lesson8_1_2;
			sourceTree = "<group>";
		};
		2056EE8C1A9E8BD5001F6A48 /* Supporting Files */ = {
			isa = PBXGroup;
			children = (
				2056EE8D1A9E8BD5001F6A48 /* Info.plist */,
			);
			name = "Supporting Files";
			sourceTree = "<group>";
		};
		2056EEA11A9E8BD5001F6A48 /* Lesson8_1_2Tests */ = {
			isa = PBXGroup;
			children = (
				2056EEA41A9E8BD5001F6A48 /* Lesson8_1_2Tests.swift */,
				2056EEA21A9E8BD5001F6A48 /* Supporting Files */,
			);
			path = Lesson8_1_2Tests;
			sourceTree = "<group>";
		};
		2056EEA21A9E8BD5001F6A48 /* Supporting Files */ = {
			isa = PBXGroup;
			children = (
				2056EEA31A9E8BD5001F6A48 /* Info.plist */,
			);
			name = "Supporting Files";
			sourceTree = "<group>";
		};
/* End PBXGroup section */

/* Begin PBXNativeTarget section */
		2056EE881A9E8BD5001F6A48 /* Lesson8_1_2 */ = {
			isa = PBXNativeTarget;
			buildConfigurationList = 2056EEA81A9E8BD5001F6A48 /* Build configuration list for PBXNativeTarget "Lesson8_1_2" */;
			buildPhases = (
				2056EE851A9E8BD5001F6A48 /* Sources */,
				2056EE861A9E8BD5001F6A48 /* Frameworks */,
				2056EE871A9E8BD5001F6A48 /* Resources */,
			);
			buildRules = (
			);
			dependencies = (
			);
			name = Lesson8_1_2;
			productName = Lesson8_1_2;
			productReference = 2056EE891A9E8BD5001F6A48 /* Lesson8_1_2.app */;
			productType = "com.apple.product-type.application";
		};
		2056EE9D1A9E8BD5001F6A48 /* Lesson8_1_2Tests */ = {
			isa = PBXNativeTarget;
			buildConfigurationList = 2056EEAB1A9E8BD5001F6A48 /* Build configuration list for PBXNativeTarget "Lesson8_1_2Tests" */;
			buildPhases = (
				2056EE9A1A9E8BD5001F6A48 /* Sources */,
				2056EE9B1A9E8BD5001F6A48 /* Frameworks */,
				2056EE9C1A9E8BD5001F6A48 /* Resources */,
			);
			buildRules = (
			);
			dependencies = (
				2056EEA01A9E8BD5001F6A48 /* PBXTargetDependency */,
			);
			name = Lesson8_1_2Tests;
			productName = Lesson8_1_2Tests;
			productReference = 2056EE9E1A9E8BD5001F6A48 /* Lesson8_1_2Tests.xctest */;
			productType = "com.apple.product-type.bundle.unit-test";
		};
/* End PBXNativeTarget section */

/* Begin PBXProject section */
		2056EE811A9E8BD5001F6A48 /* Project object */ = {
			isa = PBXProject;
			attributes = {
				LastUpgradeCheck = 0630;
				ORGANIZATIONNAME = "Six Five Software, LLC";
				TargetAttributes = {
					2056EE881A9E8BD5001F6A48 = {
						CreatedOnToolsVersion = 6.3;
					};
					2056EE9D1A9E8BD5001F6A48 = {
						CreatedOnToolsVersion = 6.3;
						TestTargetID = 2056EE881A9E8BD5001F6A48;
					};
				};
			};
			buildConfigurationList = 2056EE841A9E8BD5001F6A48 /* Build configuration list for PBXProject "Lesson8_1_2" */;
			compatibilityVersion = "Xcode 3.2";
			developmentRegion = English;
			hasScannedForEncodings = 0;
			knownRegions = (
				en,
				Base,
			);
			mainGroup = 2056EE801A9E8BD5001F6A48;
			productRefGroup = 2056EE8A1A9E8BD5001F6A48 /* Products */;
			projectDirPath = "";
			projectRoot = "";
			targets = (
				2056EE881A9E8BD5001F6A48 /* Lesson8_1_2 */,
				2056EE9D1A9E8BD5001F6A48 /* Lesson8_1_2Tests */,
			);
		};
/* End PBXProject section */

/* Begin PBXResourcesBuildPhase section */
		2056EE871A9E8BD5001F6A48 /* Resources */ = {
			isa = PBXResourcesBuildPhase;
			buildActionMask = 2147483647;
			files = (
				2056EE941A9E8BD5001F6A48 /* Main.storyboard in Resources */,
				2056EE991A9E8BD5001F6A48 /* LaunchScreen.xib in Resources */,
				2056EE961A9E8BD5001F6A48 /* Images.xcassets in Resources */,
			);
			runOnlyForDeploymentPostprocessing = 0;
		};
		2056EE9C1A9E8BD5001F6A48 /* Resources */ = {
			isa = PBXResourcesBuildPhase;
			buildActionMask = 2147483647;
			files = (
			);
			runOnlyForDeploymentPostprocessing = 0;
		};
/* End PBXResourcesBuildPhase section */

/* Begin PBXSourcesBuildPhase section */
		2056EE851A9E8BD5001F6A48 /* Sources */ = {
			isa = PBXSourcesBuildPhase;
			buildActionMask = 2147483647;
			files = (
				2056EE911A9E8BD5001F6A48 /* ViewController.swift in Sources */,
				2056EE8F1A9E8BD5001F6A48 /* AppDelegate.swift in Sources */,
			);
			runOnlyForDeploymentPostprocessing = 0;
		};
		2056EE9A1A9E8BD5001F6A48 /* Sources */ = {
			isa = PBXSourcesBuildPhase;
			buildActionMask = 2147483647;
			files = (
				2056EEA51A9E8BD5001F6A48 /* Lesson8_1_2Tests.swift in Sources */,
			);
			runOnlyForDeploymentPostprocessing = 0;
		};
/* End PBXSourcesBuildPhase section */

/* Begin PBXTargetDependency section */
		2056EEA01A9E8BD5001F6A48 /* PBXTargetDependency */ = {
			isa = PBXTargetDependency;
			target = 2056EE881A9E8BD5001F6A48 /* Lesson8_1_2 */;
			targetProxy = 2056EE9F1A9E8BD5001F6A48 /* PBXContainerItemProxy */;
		};
/* End PBXTargetDependency section */

/* Begin PBXVariantGroup section */
		2056EE921A9E8BD5001F6A48 /* Main.storyboard */ = {
			isa = PBXVariantGroup;
			children = (
				2056EE931A9E8BD5001F6A48 /* Base */,
			);
			name = Main.storyboard;
			sourceTree = "<group>";
		};
		2056EE971A9E8BD5001F6A48 /* LaunchScreen.xib */ = {
			isa = PBXVariantGroup;
			children = (
				2056EE981A9E8BD5001F6A48 /* Base */,
			);
			name = LaunchScreen.xib;
			sourceTree = "<group>";
		};
/* End PBXVariantGroup section */

/* Begin XCBuildConfiguration section */
		2056EEA61A9E8BD5001F6A48 /* Debug */ = {
			isa = XCBuildConfiguration;
			buildSettings = {
				ALWAYS_SEARCH_USER_PATHS = NO;
				CLANG_CXX_LANGUAGE_STANDARD = "gnu++0x";
				CLANG_CXX_LIBRARY = "libc++";
				CLANG_ENABLE_MODULES = YES;
				CLANG_ENABLE_OBJC_ARC = YES;
				CLANG_WARN_BOOL_CONVERSION = YES;
				CLANG_WARN_CONSTANT_CONVERSION = YES;
				CLANG_WARN_DIRECT_OBJC_ISA_USAGE = YES_ERROR;
				CLANG_WARN_EMPTY_BODY = YES;
				CLANG_WARN_ENUM_CONVERSION = YES;
				CLANG_WARN_INT_CONVERSION = YES;
				CLANG_WARN_OBJC_ROOT_CLASS = YES_ERROR;
				CLANG_WARN_UNREACHABLE_CODE = YES;
				CLANG_WARN__DUPLICATE_METHOD_MATCH = YES;
				"CODE_SIGN_IDENTITY[sdk=iphoneos*]" = "iPhone Developer";
				COPY_PHASE_STRIP = NO;
				DEBUG_INFORMATION_FORMAT = dwarf;
				ENABLE_STRICT_OBJC_MSGSEND = YES;
				GCC_C_LANGUAGE_STANDARD = gnu99;
				GCC_DYNAMIC_NO_PIC = NO;
				GCC_NO_COMMON_BLOCKS = YES;
				GCC_OPTIMIZATION_LEVEL = 0;
				GCC_PREPROCESSOR_DEFINITIONS = (
					"DEBUG=1",
					"$(inherited)",
				);
				GCC_SYMBOLS_PRIVATE_EXTERN = NO;
				GCC_WARN_64_TO_32_BIT_CONVERSION = YES;
				GCC_WARN_ABOUT_RETURN_TYPE = YES_ERROR;
				GCC_WARN_UNDECLARED_SELECTOR = YES;
				GCC_WARN_UNINITIALIZED_AUTOS = YES_AGGRESSIVE;
				GCC_WARN_UNUSED_FUNCTION = YES;
				GCC_WARN_UNUSED_VARIABLE = YES;
				IPHONEOS_DEPLOYMENT_TARGET = 8.3;
				MTL_ENABLE_DEBUG_INFO = YES;
				ONLY_ACTIVE_ARCH = YES;
				SDKROOT = iphoneos;
				SWIFT_OPTIMIZATION_LEVEL = "-Onone";
				TARGETED_DEVICE_FAMILY = "1,2";
			};
			name = Debug;
		};
		2056EEA71A9E8BD5001F6A48 /* Release */ = {
			isa = XCBuildConfiguration;
			buildSettings = {
				ALWAYS_SEARCH_USER_PATHS = NO;
				CLANG_CXX_LANGUAGE_STANDARD = "gnu++0x";
				CLANG_CXX_LIBRARY = "libc++";
				CLANG_ENABLE_MODULES = YES;
				CLANG_ENABLE_OBJC_ARC = YES;
				CLANG_WARN_BOOL_CONVERSION = YES;
				CLANG_WARN_CONSTANT_CONVERSION = YES;
				CLANG_WARN_DIRECT_OBJC_ISA_USAGE = YES_ERROR;
				CLANG_WARN_EMPTY_BODY = YES;
				CLANG_WARN_ENUM_CONVERSION = YES;
				CLANG_WARN_INT_CONVERSION = YES;
				CLANG_WARN_OBJC_ROOT_CLASS = YES_ERROR;
				CLANG_WARN_UNREACHABLE_CODE = YES;
				CLANG_WARN__DUPLICATE_METHOD_MATCH = YES;
				"CODE_SIGN_IDENTITY[sdk=iphoneos*]" = "iPhone Developer";
				COPY_PHASE_STRIP = NO;
				DEBUG_INFORMATION_FORMAT = "dwarf-with-dsym";
				ENABLE_NS_ASSERTIONS = NO;
				ENABLE_STRICT_OBJC_MSGSEND = YES;
				GCC_C_LANGUAGE_STANDARD = gnu99;
				GCC_NO_COMMON_BLOCKS = YES;
				GCC_WARN_64_TO_32_BIT_CONVERSION = YES;
				GCC_WARN_ABOUT_RETURN_TYPE = YES_ERROR;
				GCC_WARN_UNDECLARED_SELECTOR = YES;
				GCC_WARN_UNINITIALIZED_AUTOS = YES_AGGRESSIVE;
				GCC_WARN_UNUSED_FUNCTION = YES;
				GCC_WARN_UNUSED_VARIABLE = YES;
				IPHONEOS_DEPLOYMENT_TARGET = 8.3;
				MTL_ENABLE_DEBUG_INFO = NO;
				SDKROOT = iphoneos;
				TARGETED_DEVICE_FAMILY = "1,2";
				VALIDATE_PRODUCT = YES;
			};
			name = Release;
		};
		2056EEA91A9E8BD5001F6A48 /* Debug */ = {
			isa = XCBuildConfiguration;
			buildSettings = {
				ASSETCATALOG_COMPILER_APPICON_NAME = AppIcon;
				INFOPLIST_FILE = Lesson8_1_2/Info.plist;
				LD_RUNPATH_SEARCH_PATHS = "$(inherited) @executable_path/Frameworks";
				PRODUCT_NAME = "$(TARGET_NAME)";
			};
			name = Debug;
		};
		2056EEAA1A9E8BD5001F6A48 /* Release */ = {
			isa = XCBuildConfiguration;
			buildSettings = {
				ASSETCATALOG_COMPILER_APPICON_NAME = AppIcon;
				INFOPLIST_FILE = Lesson8_1_2/Info.plist;
				LD_RUNPATH_SEARCH_PATHS = "$(inherited) @executable_path/Frameworks";
				PRODUCT_NAME = "$(TARGET_NAME)";
			};
			name = Release;
		};
		2056EEAC1A9E8BD5001F6A48 /* Debug */ = {
			isa = XCBuildConfiguration;
			buildSettings = {
				BUNDLE_LOADER = "$(TEST_HOST)";
				FRAMEWORK_SEARCH_PATHS = (
					"$(SDKROOT)/Developer/Library/Frameworks",
					"$(inherited)",
				);
				GCC_PREPROCESSOR_DEFINITIONS = (
					"DEBUG=1",
					"$(inherited)",
				);
				INFOPLIST_FILE = Lesson8_1_2Tests/Info.plist;
				LD_RUNPATH_SEARCH_PATHS = "$(inherited) @executable_path/Frameworks @loader_path/Frameworks";
				PRODUCT_NAME = "$(TARGET_NAME)";
				TEST_HOST = "$(BUILT_PRODUCTS_DIR)/Lesson8_1_2.app/Lesson8_1_2";
			};
			name = Debug;
		};
		2056EEAD1A9E8BD5001F6A48 /* Release */ = {
			isa = XCBuildConfiguration;
			buildSettings = {
				BUNDLE_LOADER = "$(TEST_HOST)";
				FRAMEWORK_SEARCH_PATHS = (
					"$(SDKROOT)/Developer/Library/Frameworks",
					"$(inherited)",
				);
				INFOPLIST_FILE = Lesson8_1_2Tests/Info.plist;
				LD_RUNPATH_SEARCH_PATHS = "$(inherited) @executable_path/Frameworks @loader_path/Frameworks";
				PRODUCT_NAME = "$(TARGET_NAME)";
				TEST_HOST = "$(BUILT_PRODUCTS_DIR)/Lesson8_1_2.app/Lesson8_1_2";
			};
			name = Release;
		};
/* End XCBuildConfiguration section */

/* Begin XCConfigurationList section */
		2056EE841A9E8BD5001F6A48 /* Build configuration list for PBXProject "Lesson8_1_2" */ = {
			isa = XCConfigurationList;
			buildConfigurations = (
				2056EEA61A9E8BD5001F6A48 /* Debug */,
				2056EEA71A9E8BD5001F6A48 /* Release */,
			);
			defaultConfigurationIsVisible = 0;
			defaultConfigurationName = Release;
		};
		2056EEA81A9E8BD5001F6A48 /* Build configuration list for PBXNativeTarget "Lesson8_1_2" */ = {
			isa = XCConfigurationList;
			buildConfigurations = (
				2056EEA91A9E8BD5001F6A48 /* Debug */,
				2056EEAA1A9E8BD5001F6A48 /* Release */,
			);
			defaultConfigurationIsVisible = 0;
		};
		2056EEAB1A9E8BD5001F6A48 /* Build configuration list for PBXNativeTarget "Lesson8_1_2Tests" */ = {
			isa = XCConfigurationList;
			buildConfigurations = (
				2056EEAC1A9E8BD5001F6A48 /* Debug */,
				2056EEAD1A9E8BD5001F6A48 /* Release */,
			);
			defaultConfigurationIsVisible = 0;
		};
/* End XCConfigurationList section */
	};
	rootObject = 2056EE811A9E8BD5001F6A48 /* Project object */;
}
