// !$*UTF8*$!
{
	archiveVersion = 1;
	classes = {
	};
	objectVersion = 46;
	objects = {

/* Begin PBXBuildFile section */
		201A34211A9E4DC800762B2F /* AppDelegate.swift in Sources */ = {isa = PBXBuildFile; fileRef = 201A34201A9E4DC800762B2F /* AppDelegate.swift */; };
		201A34231A9E4DC800762B2F /* MasterViewController.swift in Sources */ = {isa = PBXBuildFile; fileRef = 201A34221A9E4DC800762B2F /* MasterViewController.swift */; };
		201A34251A9E4DC800762B2F /* DetailViewController.swift in Sources */ = {isa = PBXBuildFile; fileRef = 201A34241A9E4DC800762B2F /* DetailViewController.swift */; };
		201A34281A9E4DC800762B2F /* Main.storyboard in Resources */ = {isa = PBXBuildFile; fileRef = 201A34261A9E4DC800762B2F /* Main.storyboard */; };
		201A342A1A9E4DC800762B2F /* Images.xcassets in Resources */ = {isa = PBXBuildFile; fileRef = 201A34291A9E4DC800762B2F /* Images.xcassets */; };
		201A342D1A9E4DC800762B2F /* LaunchScreen.xib in Resources */ = {isa = PBXBuildFile; fileRef = 201A342B1A9E4DC800762B2F /* LaunchScreen.xib */; };
		201A34391A9E4DC800762B2F /* Lesson6_1Tests.swift in Sources */ = {isa = PBXBuildFile; fileRef = 201A34381A9E4DC800762B2F /* Lesson6_1Tests.swift */; };
/* End PBXBuildFile section */

/* Begin PBXContainerItemProxy section */
		201A34331A9E4DC800762B2F /* PBXContainerItemProxy */ = {
			isa = PBXContainerItemProxy;
			containerPortal = 201A34131A9E4DC800762B2F /* Project object */;
			proxyType = 1;
			remoteGlobalIDString = 201A341A1A9E4DC800762B2F;
			remoteInfo = Lesson6_1;
		};
/* End PBXContainerItemProxy section */

/* Begin PBXFileReference section */
		201A341B1A9E4DC800762B2F /* Lesson6_1.app */ = {isa = PBXFileReference; explicitFileType = wrapper.application; includeInIndex = 0; path = Lesson6_1.app; sourceTree = BUILT_PRODUCTS_DIR; };
		201A341F1A9E4DC800762B2F /* Info.plist */ = {isa = PBXFileReference; lastKnownFileType = text.plist.xml; path = Info.plist; sourceTree = "<group>"; };
		201A34201A9E4DC800762B2F /* AppDelegate.swift */ = {isa = PBXFileReference; lastKnownFileType = sourcecode.swift; path = AppDelegate.swift; sourceTree = "<group>"; };
		201A34221A9E4DC800762B2F /* MasterViewController.swift */ = {isa = PBXFileReference; lastKnownFileType = sourcecode.swift; path = MasterViewController.swift; sourceTree = "<group>"; };
		201A34241A9E4DC800762B2F /* DetailViewController.swift */ = {isa = PBXFileReference; lastKnownFileType = sourcecode.swift; path = DetailViewController.swift; sourceTree = "<group>"; };
		201A34271A9E4DC800762B2F /* Base */ = {isa = PBXFileReference; lastKnownFileType = file.storyboard; name = Base; path = Base.lproj/Main.storyboard; sourceTree = "<group>"; };
		201A34291A9E4DC800762B2F /* Images.xcassets */ = {isa = PBXFileReference; lastKnownFileType = folder.assetcatalog; path = Images.xcassets; sourceTree = "<group>"; };
		201A342C1A9E4DC800762B2F /* Base */ = {isa = PBXFileReference; lastKnownFileType = file.xib; name = Base; path = Base.lproj/LaunchScreen.xib; sourceTree = "<group>"; };
		201A34321A9E4DC800762B2F /* Lesson6_1Tests.xctest */ = {isa = PBXFileReference; explicitFileType = wrapper.cfbundle; includeInIndex = 0; path = Lesson6_1Tests.xctest; sourceTree = BUILT_PRODUCTS_DIR; };
		201A34371A9E4DC800762B2F /* Info.plist */ = {isa = PBXFileReference; lastKnownFileType = text.plist.xml; path = Info.plist; sourceTree = "<group>"; };
		201A34381A9E4DC800762B2F /* Lesson6_1Tests.swift */ = {isa = PBXFileReference; lastKnownFileType = sourcecode.swift; path = Lesson6_1Tests.swift; sourceTree = "<group>"; };
/* End PBXFileReference section */

/* Begin PBXFrameworksBuildPhase section */
		201A34181A9E4DC800762B2F /* Frameworks */ = {
			isa = PBXFrameworksBuildPhase;
			buildActionMask = 2147483647;
			files = (
			);
			runOnlyForDeploymentPostprocessing = 0;
		};
		201A342F1A9E4DC800762B2F /* Frameworks */ = {
			isa = PBXFrameworksBuildPhase;
			buildActionMask = 2147483647;
			files = (
			);
			runOnlyForDeploymentPostprocessing = 0;
		};
/* End PBXFrameworksBuildPhase section */

/* Begin PBXGroup section */
		201A34121A9E4DC800762B2F = {
			isa = PBXGroup;
			children = (
				201A341D1A9E4DC800762B2F /* Lesson6_1 */,
				201A34351A9E4DC800762B2F /* Lesson6_1Tests */,
				201A341C1A9E4DC800762B2F /* Products */,
			);
			sourceTree = "<group>";
		};
		201A341C1A9E4DC800762B2F /* Products */ = {
			isa = PBXGroup;
			children = (
				201A341B1A9E4DC800762B2F /* Lesson6_1.app */,
				201A34321A9E4DC800762B2F /* Lesson6_1Tests.xctest */,
			);
			name = Products;
			sourceTree = "<group>";
		};
		201A341D1A9E4DC800762B2F /* Lesson6_1 */ = {
			isa = PBXGroup;
			children = (
				201A34201A9E4DC800762B2F /* AppDelegate.swift */,
				201A34221A9E4DC800762B2F /* MasterViewController.swift */,
				201A34241A9E4DC800762B2F /* DetailViewController.swift */,
				201A34261A9E4DC800762B2F /* Main.storyboard */,
				201A34291A9E4DC800762B2F /* Images.xcassets */,
				201A342B1A9E4DC800762B2F /* LaunchScreen.xib */,
				201A341E1A9E4DC800762B2F /* Supporting Files */,
			);
			path = Lesson6_1;
			sourceTree = "<group>";
		};
		201A341E1A9E4DC800762B2F /* Supporting Files */ = {
			isa = PBXGroup;
			children = (
				201A341F1A9E4DC800762B2F /* Info.plist */,
			);
			name = "Supporting Files";
			sourceTree = "<group>";
		};
		201A34351A9E4DC800762B2F /* Lesson6_1Tests */ = {
			isa = PBXGroup;
			children = (
				201A34381A9E4DC800762B2F /* Lesson6_1Tests.swift */,
				201A34361A9E4DC800762B2F /* Supporting Files */,
			);
			path = Lesson6_1Tests;
			sourceTree = "<group>";
		};
		201A34361A9E4DC800762B2F /* Supporting Files */ = {
			isa = PBXGroup;
			children = (
				201A34371A9E4DC800762B2F /* Info.plist */,
			);
			name = "Supporting Files";
			sourceTree = "<group>";
		};
/* End PBXGroup section */

/* Begin PBXNativeTarget section */
		201A341A1A9E4DC800762B2F /* Lesson6_1 */ = {
			isa = PBXNativeTarget;
			buildConfigurationList = 201A343C1A9E4DC800762B2F /* Build configuration list for PBXNativeTarget "Lesson6_1" */;
			buildPhases = (
				201A34171A9E4DC800762B2F /* Sources */,
				201A34181A9E4DC800762B2F /* Frameworks */,
				201A34191A9E4DC800762B2F /* Resources */,
			);
			buildRules = (
			);
			dependencies = (
			);
			name = Lesson6_1;
			productName = Lesson6_1;
			productReference = 201A341B1A9E4DC800762B2F /* Lesson6_1.app */;
			productType = "com.apple.product-type.application";
		};
		201A34311A9E4DC800762B2F /* Lesson6_1Tests */ = {
			isa = PBXNativeTarget;
			buildConfigurationList = 201A343F1A9E4DC800762B2F /* Build configuration list for PBXNativeTarget "Lesson6_1Tests" */;
			buildPhases = (
				201A342E1A9E4DC800762B2F /* Sources */,
				201A342F1A9E4DC800762B2F /* Frameworks */,
				201A34301A9E4DC800762B2F /* Resources */,
			);
			buildRules = (
			);
			dependencies = (
				201A34341A9E4DC800762B2F /* PBXTargetDependency */,
			);
			name = Lesson6_1Tests;
			productName = Lesson6_1Tests;
			productReference = 201A34321A9E4DC800762B2F /* Lesson6_1Tests.xctest */;
			productType = "com.apple.product-type.bundle.unit-test";
		};
/* End PBXNativeTarget section */

/* Begin PBXProject section */
		201A34131A9E4DC800762B2F /* Project object */ = {
			isa = PBXProject;
			attributes = {
				LastSwiftMigration = 0720;
				LastSwiftUpdateCheck = 0720;
				LastUpgradeCheck = 0630;
				ORGANIZATIONNAME = "Six Five Software, LLC";
				TargetAttributes = {
					201A341A1A9E4DC800762B2F = {
						CreatedOnToolsVersion = 6.3;
					};
					201A34311A9E4DC800762B2F = {
						CreatedOnToolsVersion = 6.3;
						TestTargetID = 201A341A1A9E4DC800762B2F;
					};
				};
			};
			buildConfigurationList = 201A34161A9E4DC800762B2F /* Build configuration list for PBXProject "Lesson6_1" */;
			compatibilityVersion = "Xcode 3.2";
			developmentRegion = English;
			hasScannedForEncodings = 0;
			knownRegions = (
				en,
				Base,
			);
			mainGroup = 201A34121A9E4DC800762B2F;
			productRefGroup = 201A341C1A9E4DC800762B2F /* Products */;
			projectDirPath = "";
			projectRoot = "";
			targets = (
				201A341A1A9E4DC800762B2F /* Lesson6_1 */,
				201A34311A9E4DC800762B2F /* Lesson6_1Tests */,
			);
		};
/* End PBXProject section */

/* Begin PBXResourcesBuildPhase section */
		201A34191A9E4DC800762B2F /* Resources */ = {
			isa = PBXResourcesBuildPhase;
			buildActionMask = 2147483647;
			files = (
				201A34281A9E4DC800762B2F /* Main.storyboard in Resources */,
				201A342D1A9E4DC800762B2F /* LaunchScreen.xib in Resources */,
				201A342A1A9E4DC800762B2F /* Images.xcassets in Resources */,
			);
			runOnlyForDeploymentPostprocessing = 0;
		};
		201A34301A9E4DC800762B2F /* Resources */ = {
			isa = PBXResourcesBuildPhase;
			buildActionMask = 2147483647;
			files = (
			);
			runOnlyForDeploymentPostprocessing = 0;
		};
/* End PBXResourcesBuildPhase section */

/* Begin PBXSourcesBuildPhase section */
		201A34171A9E4DC800762B2F /* Sources */ = {
			isa = PBXSourcesBuildPhase;
			buildActionMask = 2147483647;
			files = (
				201A34251A9E4DC800762B2F /* DetailViewController.swift in Sources */,
				201A34231A9E4DC800762B2F /* MasterViewController.swift in Sources */,
				201A34211A9E4DC800762B2F /* AppDelegate.swift in Sources */,
			);
			runOnlyForDeploymentPostprocessing = 0;
		};
		201A342E1A9E4DC800762B2F /* Sources */ = {
			isa = PBXSourcesBuildPhase;
			buildActionMask = 2147483647;
			files = (
				201A34391A9E4DC800762B2F /* Lesson6_1Tests.swift in Sources */,
			);
			runOnlyForDeploymentPostprocessing = 0;
		};
/* End PBXSourcesBuildPhase section */

/* Begin PBXTargetDependency section */
		201A34341A9E4DC800762B2F /* PBXTargetDependency */ = {
			isa = PBXTargetDependency;
			target = 201A341A1A9E4DC800762B2F /* Lesson6_1 */;
			targetProxy = 201A34331A9E4DC800762B2F /* PBXContainerItemProxy */;
		};
/* End PBXTargetDependency section */

/* Begin PBXVariantGroup section */
		201A34261A9E4DC800762B2F /* Main.storyboard */ = {
			isa = PBXVariantGroup;
			children = (
				201A34271A9E4DC800762B2F /* Base */,
			);
			name = Main.storyboard;
			sourceTree = "<group>";
		};
		201A342B1A9E4DC800762B2F /* LaunchScreen.xib */ = {
			isa = PBXVariantGroup;
			children = (
				201A342C1A9E4DC800762B2F /* Base */,
			);
			name = LaunchScreen.xib;
			sourceTree = "<group>";
		};
/* End PBXVariantGroup section */

/* Begin XCBuildConfiguration section */
		201A343A1A9E4DC800762B2F /* Debug */ = {
			isa = XCBuildConfiguration;
			buildSettings = {
				ALWAYS_SEARCH_USER_PATHS = NO;
				CLANG_CXX_LANGUAGE_STANDARD = "gnu++0x";
				CLANG_CXX_LIBRARY = "libc++";
				CLANG_ENABLE_MODULES = YES;
				CLANG_ENABLE_OBJC_ARC = YES;
				CLANG_WARN_BOOL_CONVERSION = YES;
				CLANG_WARN_CONSTANT_CONVERSION = YES;
				CLANG_WARN_DIRECT_OBJC_ISA_USAGE = YES_ERROR;
				CLANG_WARN_EMPTY_BODY = YES;
				CLANG_WARN_ENUM_CONVERSION = YES;
				CLANG_WARN_INT_CONVERSION = YES;
				CLANG_WARN_OBJC_ROOT_CLASS = YES_ERROR;
				CLANG_WARN_UNREACHABLE_CODE = YES;
				CLANG_WARN__DUPLICATE_METHOD_MATCH = YES;
				"CODE_SIGN_IDENTITY[sdk=iphoneos*]" = "iPhone Developer";
				COPY_PHASE_STRIP = NO;
				DEBUG_INFORMATION_FORMAT = dwarf;
				ENABLE_STRICT_OBJC_MSGSEND = YES;
				GCC_C_LANGUAGE_STANDARD = gnu99;
				GCC_DYNAMIC_NO_PIC = NO;
				GCC_NO_COMMON_BLOCKS = YES;
				GCC_OPTIMIZATION_LEVEL = 0;
				GCC_PREPROCESSOR_DEFINITIONS = (
					"DEBUG=1",
					"$(inherited)",
				);
				GCC_SYMBOLS_PRIVATE_EXTERN = NO;
				GCC_WARN_64_TO_32_BIT_CONVERSION = YES;
				GCC_WARN_ABOUT_RETURN_TYPE = YES_ERROR;
				GCC_WARN_UNDECLARED_SELECTOR = YES;
				GCC_WARN_UNINITIALIZED_AUTOS = YES_AGGRESSIVE;
				GCC_WARN_UNUSED_FUNCTION = YES;
				GCC_WARN_UNUSED_VARIABLE = YES;
				IPHONEOS_DEPLOYMENT_TARGET = 8.3;
				MTL_ENABLE_DEBUG_INFO = YES;
				ONLY_ACTIVE_ARCH = YES;
				SDKROOT = iphoneos;
				SWIFT_OPTIMIZATION_LEVEL = "-Onone";
				TARGETED_DEVICE_FAMILY = "1,2";
			};
			name = Debug;
		};
		201A343B1A9E4DC800762B2F /* Release */ = {
			isa = XCBuildConfiguration;
			buildSettings = {
				ALWAYS_SEARCH_USER_PATHS = NO;
				CLANG_CXX_LANGUAGE_STANDARD = "gnu++0x";
				CLANG_CXX_LIBRARY = "libc++";
				CLANG_ENABLE_MODULES = YES;
				CLANG_ENABLE_OBJC_ARC = YES;
				CLANG_WARN_BOOL_CONVERSION = YES;
				CLANG_WARN_CONSTANT_CONVERSION = YES;
				CLANG_WARN_DIRECT_OBJC_ISA_USAGE = YES_ERROR;
				CLANG_WARN_EMPTY_BODY = YES;
				CLANG_WARN_ENUM_CONVERSION = YES;
				CLANG_WARN_INT_CONVERSION = YES;
				CLANG_WARN_OBJC_ROOT_CLASS = YES_ERROR;
				CLANG_WARN_UNREACHABLE_CODE = YES;
				CLANG_WARN__DUPLICATE_METHOD_MATCH = YES;
				"CODE_SIGN_IDENTITY[sdk=iphoneos*]" = "iPhone Developer";
				COPY_PHASE_STRIP = NO;
				DEBUG_INFORMATION_FORMAT = "dwarf-with-dsym";
				ENABLE_NS_ASSERTIONS = NO;
				ENABLE_STRICT_OBJC_MSGSEND = YES;
				GCC_C_LANGUAGE_STANDARD = gnu99;
				GCC_NO_COMMON_BLOCKS = YES;
				GCC_WARN_64_TO_32_BIT_CONVERSION = YES;
				GCC_WARN_ABOUT_RETURN_TYPE = YES_ERROR;
				GCC_WARN_UNDECLARED_SELECTOR = YES;
				GCC_WARN_UNINITIALIZED_AUTOS = YES_AGGRESSIVE;
				GCC_WARN_UNUSED_FUNCTION = YES;
				GCC_WARN_UNUSED_VARIABLE = YES;
				IPHONEOS_DEPLOYMENT_TARGET = 8.3;
				MTL_ENABLE_DEBUG_INFO = NO;
				SDKROOT = iphoneos;
				TARGETED_DEVICE_FAMILY = "1,2";
				VALIDATE_PRODUCT = YES;
			};
			name = Release;
		};
		201A343D1A9E4DC800762B2F /* Debug */ = {
			isa = XCBuildConfiguration;
			buildSettings = {
				ASSETCATALOG_COMPILER_APPICON_NAME = AppIcon;
				INFOPLIST_FILE = Lesson6_1/Info.plist;
				LD_RUNPATH_SEARCH_PATHS = "$(inherited) @executable_path/Frameworks";
				PRODUCT_NAME = "$(TARGET_NAME)";
			};
			name = Debug;
		};
		201A343E1A9E4DC800762B2F /* Release */ = {
			isa = XCBuildConfiguration;
			buildSettings = {
				ASSETCATALOG_COMPILER_APPICON_NAME = AppIcon;
				INFOPLIST_FILE = Lesson6_1/Info.plist;
				LD_RUNPATH_SEARCH_PATHS = "$(inherited) @executable_path/Frameworks";
				PRODUCT_NAME = "$(TARGET_NAME)";
			};
			name = Release;
		};
		201A34401A9E4DC800762B2F /* Debug */ = {
			isa = XCBuildConfiguration;
			buildSettings = {
				BUNDLE_LOADER = "$(TEST_HOST)";
				FRAMEWORK_SEARCH_PATHS = (
					"$(SDKROOT)/Developer/Library/Frameworks",
					"$(inherited)",
				);
				GCC_PREPROCESSOR_DEFINITIONS = (
					"DEBUG=1",
					"$(inherited)",
				);
				INFOPLIST_FILE = Lesson6_1Tests/Info.plist;
				LD_RUNPATH_SEARCH_PATHS = "$(inherited) @executable_path/Frameworks @loader_path/Frameworks";
				PRODUCT_NAME = "$(TARGET_NAME)";
				TEST_HOST = "$(BUILT_PRODUCTS_DIR)/Lesson6_1.app/Lesson6_1";
			};
			name = Debug;
		};
		201A34411A9E4DC800762B2F /* Release */ = {
			isa = XCBuildConfiguration;
			buildSettings = {
				BUNDLE_LOADER = "$(TEST_HOST)";
				FRAMEWORK_SEARCH_PATHS = (
					"$(SDKROOT)/Developer/Library/Frameworks",
					"$(inherited)",
				);
				INFOPLIST_FILE = Lesson6_1Tests/Info.plist;
				LD_RUNPATH_SEARCH_PATHS = "$(inherited) @executable_path/Frameworks @loader_path/Frameworks";
				PRODUCT_NAME = "$(TARGET_NAME)";
				TEST_HOST = "$(BUILT_PRODUCTS_DIR)/Lesson6_1.app/Lesson6_1";
			};
			name = Release;
		};
/* End XCBuildConfiguration section */

/* Begin XCConfigurationList section */
		201A34161A9E4DC800762B2F /* Build configuration list for PBXProject "Lesson6_1" */ = {
			isa = XCConfigurationList;
			buildConfigurations = (
				201A343A1A9E4DC800762B2F /* Debug */,
				201A343B1A9E4DC800762B2F /* Release */,
			);
			defaultConfigurationIsVisible = 0;
			defaultConfigurationName = Release;
		};
		201A343C1A9E4DC800762B2F /* Build configuration list for PBXNativeTarget "Lesson6_1" */ = {
			isa = XCConfigurationList;
			buildConfigurations = (
				201A343D1A9E4DC800762B2F /* Debug */,
				201A343E1A9E4DC800762B2F /* Release */,
			);
			defaultConfigurationIsVisible = 0;
			defaultConfigurationName = Release;
		};
		201A343F1A9E4DC800762B2F /* Build configuration list for PBXNativeTarget "Lesson6_1Tests" */ = {
			isa = XCConfigurationList;
			buildConfigurations = (
				201A34401A9E4DC800762B2F /* Debug */,
				201A34411A9E4DC800762B2F /* Release */,
			);
			defaultConfigurationIsVisible = 0;
			defaultConfigurationName = Release;
		};
/* End XCConfigurationList section */
	};
	rootObject = 201A34131A9E4DC800762B2F /* Project object */;
}
